PODS:
  - Bolts/Tasks (1.5.0)
  - Parse (1.11.0):
    - Bolts/Tasks (~> 1.5)
  - SpinKit (1.2.0)

DEPENDENCIES:
  - Parse
  - SpinKit (~> 1.1)

SPEC CHECKSUMS:
  Bolts: 722ab9a4f8b50fc4ed1b9998a5a7a2b3f16d80b4
  Parse: 886af46a0a677402f6374bb97ac212e795f70afe
  SpinKit: 65906a8b534a4e14cbfd3f8b0b6c329131faef4a

COCOAPODS: 0.38.2
