// !$*UTF8*$!
{
	archiveVersion = 1;
	classes = {
	};
	objectVersion = 46;
	objects = {

/* Begin PBXBuildFile section */
		242B1CA81C1D23BF004D3E13 /* RestaurantPromoView.swift in Sources */ = {isa = PBXBuildFile; fileRef = 242B1CA71C1D23BF004D3E13 /* RestaurantPromoView.swift */; };
		242B1CAA1C1D2E68004D3E13 /* RestaurantInformationView.swift in Sources */ = {isa = PBXBuildFile; fileRef = 242B1CA91C1D2E68004D3E13 /* RestaurantInformationView.swift */; };
		242B1CAE1C1D5672004D3E13 /* HourglassNavigationController.swift in Sources */ = {isa = PBXBuildFile; fileRef = 242B1CAD1C1D5672004D3E13 /* HourglassNavigationController.swift */; };
		242B1CB01C1E41BD004D3E13 /* takami.mp4 in Resources */ = {isa = PBXBuildFile; fileRef = 242B1CAF1C1E40E7004D3E13 /* takami.mp4 */; };
		242B1CB21C1FEB35004D3E13 /* LoveAndSalt.mp4 in Resources */ = {isa = PBXBuildFile; fileRef = 242B1CB11C1FEB00004D3E13 /* LoveAndSalt.mp4 */; };
		242B1CB41C1FEC35004D3E13 /* IlCielo.mp4 in Resources */ = {isa = PBXBuildFile; fileRef = 242B1CB31C1FEC35004D3E13 /* IlCielo.mp4 */; };
		2462D1FE1C246948007D4408 /* LLSimpleCamera.m in Sources */ = {isa = PBXBuildFile; fileRef = 2462D1FB1C246948007D4408 /* LLSimpleCamera.m */; };
		2462D1FF1C246948007D4408 /* UIImage+FixOrientation.m in Sources */ = {isa = PBXBuildFile; fileRef = 2462D1FD1C246948007D4408 /* UIImage+FixOrientation.m */; };
		2462D2021C2469D7007D4408 /* CameraController.swift in Sources */ = {isa = PBXBuildFile; fileRef = 2462D2011C2469D7007D4408 /* CameraController.swift */; };
		2467492F1C1B953400B26064 /* AnalyticsUIButton.swift in Sources */ = {isa = PBXBuildFile; fileRef = 2467492E1C1B953400B26064 /* AnalyticsUIButton.swift */; };
		246749311C1B9C1F00B26064 /* AnalyticsAppDelegate.swift in Sources */ = {isa = PBXBuildFile; fileRef = 246749301C1B9C1F00B26064 /* AnalyticsAppDelegate.swift */; };
		246749341C1BBE1700B26064 /* VideoPlayerController.swift in Sources */ = {isa = PBXBuildFile; fileRef = 246749331C1BBE1700B26064 /* VideoPlayerController.swift */; };
		246749381C1CE17A00B26064 /* VideoPlayerScrollView.swift in Sources */ = {isa = PBXBuildFile; fileRef = 246749371C1CE17A00B26064 /* VideoPlayerScrollView.swift */; };
		2467493A1C1CE67600B26064 /* VideoPlayerView.swift in Sources */ = {isa = PBXBuildFile; fileRef = 246749391C1CE67600B26064 /* VideoPlayerView.swift */; };
		248265071C1A434200CAC95B /* AnalyticsController.swift in Sources */ = {isa = PBXBuildFile; fileRef = 248265061C1A434200CAC95B /* AnalyticsController.swift */; };
		24C610531C1AA3350019F4DF /* AnalyticsViewController.swift in Sources */ = {isa = PBXBuildFile; fileRef = 24C610521C1AA3350019F4DF /* AnalyticsViewController.swift */; };
		24C610551C1B3CA10019F4DF /* AnalyticsScrollView.swift in Sources */ = {isa = PBXBuildFile; fileRef = 24C610541C1B3CA10019F4DF /* AnalyticsScrollView.swift */; };
		5E08AD211C1989A7009F9959 /* MediaPlayer.framework in Frameworks */ = {isa = PBXBuildFile; fileRef = 5E08AD201C1989A7009F9959 /* MediaPlayer.framework */; };
		5E1B7C0B1C1D1F1E006BA359 /* CategoriesViewController.swift in Sources */ = {isa = PBXBuildFile; fileRef = 5E1B7C0A1C1D1F1E006BA359 /* CategoriesViewController.swift */; };
		5E1B7C101C1D23CB006BA359 /* ProfileViewController.swift in Sources */ = {isa = PBXBuildFile; fileRef = 5E1B7C0F1C1D23CB006BA359 /* ProfileViewController.swift */; };
		5E5EE8451C1EC1F5002FB253 /* sprinkles.mov in Resources */ = {isa = PBXBuildFile; fileRef = 5E5EE8441C1EC1F5002FB253 /* sprinkles.mov */; };
		5E5EE8471C1EEC56002FB253 /* wurstkuche.mov in Resources */ = {isa = PBXBuildFile; fileRef = 5E5EE8461C1EEC56002FB253 /* wurstkuche.mov */; };
		5E5EE8501C1EF4AA002FB253 /* nickel.mov in Resources */ = {isa = PBXBuildFile; fileRef = 5E5EE84E1C1EF4AA002FB253 /* nickel.mov */; };
		5E5EE8511C1EF4AA002FB253 /* yangi.mov in Resources */ = {isa = PBXBuildFile; fileRef = 5E5EE84F1C1EF4AA002FB253 /* yangi.mov */; };
		5ED613541B9681DE00D2E8FC /* AppDelegate.swift in Sources */ = {isa = PBXBuildFile; fileRef = 5ED613531B9681DE00D2E8FC /* AppDelegate.swift */; };
		5ED613561B9681DE00D2E8FC /* ViewController.swift in Sources */ = {isa = PBXBuildFile; fileRef = 5ED613551B9681DE00D2E8FC /* ViewController.swift */; };
		5ED613591B9681DE00D2E8FC /* Main.storyboard in Resources */ = {isa = PBXBuildFile; fileRef = 5ED613571B9681DE00D2E8FC /* Main.storyboard */; };
		5ED6135B1B9681DE00D2E8FC /* Images.xcassets in Resources */ = {isa = PBXBuildFile; fileRef = 5ED6135A1B9681DE00D2E8FC /* Images.xcassets */; };
		5ED6135E1B9681DE00D2E8FC /* LaunchScreen.xib in Resources */ = {isa = PBXBuildFile; fileRef = 5ED6135C1B9681DE00D2E8FC /* LaunchScreen.xib */; };
		5ED6136A1B9681DE00D2E8FC /* HourglassTests.swift in Sources */ = {isa = PBXBuildFile; fileRef = 5ED613691B9681DE00D2E8FC /* HourglassTests.swift */; };
/* End PBXBuildFile section */

/* Begin PBXContainerItemProxy section */
		5ED613641B9681DE00D2E8FC /* PBXContainerItemProxy */ = {
			isa = PBXContainerItemProxy;
			containerPortal = 5ED613461B9681DE00D2E8FC /* Project object */;
			proxyType = 1;
			remoteGlobalIDString = 5ED6134D1B9681DE00D2E8FC;
			remoteInfo = Hourglass;
		};
/* End PBXContainerItemProxy section */

/* Begin PBXFileReference section */
		242B1CA71C1D23BF004D3E13 /* RestaurantPromoView.swift */ = {isa = PBXFileReference; fileEncoding = 4; lastKnownFileType = sourcecode.swift; path = RestaurantPromoView.swift; sourceTree = "<group>"; };
		242B1CA91C1D2E68004D3E13 /* RestaurantInformationView.swift */ = {isa = PBXFileReference; fileEncoding = 4; lastKnownFileType = sourcecode.swift; path = RestaurantInformationView.swift; sourceTree = "<group>"; };
		242B1CAD1C1D5672004D3E13 /* HourglassNavigationController.swift */ = {isa = PBXFileReference; fileEncoding = 4; lastKnownFileType = sourcecode.swift; path = HourglassNavigationController.swift; sourceTree = "<group>"; };
		242B1CAF1C1E40E7004D3E13 /* takami.mp4 */ = {isa = PBXFileReference; lastKnownFileType = file; path = takami.mp4; sourceTree = "<group>"; };
		242B1CB11C1FEB00004D3E13 /* LoveAndSalt.mp4 */ = {isa = PBXFileReference; lastKnownFileType = file; path = LoveAndSalt.mp4; sourceTree = "<group>"; };
		242B1CB31C1FEC35004D3E13 /* IlCielo.mp4 */ = {isa = PBXFileReference; lastKnownFileType = file; path = IlCielo.mp4; sourceTree = "<group>"; };
		2462D1FA1C246948007D4408 /* LLSimpleCamera.h */ = {isa = PBXFileReference; fileEncoding = 4; lastKnownFileType = sourcecode.c.h; path = LLSimpleCamera.h; sourceTree = "<group>"; };
		2462D1FB1C246948007D4408 /* LLSimpleCamera.m */ = {isa = PBXFileReference; fileEncoding = 4; lastKnownFileType = sourcecode.c.objc; path = LLSimpleCamera.m; sourceTree = "<group>"; };
		2462D1FC1C246948007D4408 /* UIImage+FixOrientation.h */ = {isa = PBXFileReference; fileEncoding = 4; lastKnownFileType = sourcecode.c.h; path = "UIImage+FixOrientation.h"; sourceTree = "<group>"; };
		2462D1FD1C246948007D4408 /* UIImage+FixOrientation.m */ = {isa = PBXFileReference; fileEncoding = 4; lastKnownFileType = sourcecode.c.objc; path = "UIImage+FixOrientation.m"; sourceTree = "<group>"; };
		2462D2011C2469D7007D4408 /* CameraController.swift */ = {isa = PBXFileReference; fileEncoding = 4; lastKnownFileType = sourcecode.swift; path = CameraController.swift; sourceTree = "<group>"; };
		2467492E1C1B953400B26064 /* AnalyticsUIButton.swift */ = {isa = PBXFileReference; fileEncoding = 4; lastKnownFileType = sourcecode.swift; path = AnalyticsUIButton.swift; sourceTree = "<group>"; };
		246749301C1B9C1F00B26064 /* AnalyticsAppDelegate.swift */ = {isa = PBXFileReference; fileEncoding = 4; lastKnownFileType = sourcecode.swift; path = AnalyticsAppDelegate.swift; sourceTree = "<group>"; };
		246749331C1BBE1700B26064 /* VideoPlayerController.swift */ = {isa = PBXFileReference; fileEncoding = 4; lastKnownFileType = sourcecode.swift; path = VideoPlayerController.swift; sourceTree = "<group>"; };
		246749371C1CE17A00B26064 /* VideoPlayerScrollView.swift */ = {isa = PBXFileReference; fileEncoding = 4; lastKnownFileType = sourcecode.swift; path = VideoPlayerScrollView.swift; sourceTree = "<group>"; };
		246749391C1CE67600B26064 /* VideoPlayerView.swift */ = {isa = PBXFileReference; fileEncoding = 4; lastKnownFileType = sourcecode.swift; path = VideoPlayerView.swift; sourceTree = "<group>"; };
		248265061C1A434200CAC95B /* AnalyticsController.swift */ = {isa = PBXFileReference; fileEncoding = 4; lastKnownFileType = sourcecode.swift; path = AnalyticsController.swift; sourceTree = "<group>"; };
		24C610521C1AA3350019F4DF /* AnalyticsViewController.swift */ = {isa = PBXFileReference; fileEncoding = 4; lastKnownFileType = sourcecode.swift; path = AnalyticsViewController.swift; sourceTree = "<group>"; };
		24C610541C1B3CA10019F4DF /* AnalyticsScrollView.swift */ = {isa = PBXFileReference; fileEncoding = 4; lastKnownFileType = sourcecode.swift; path = AnalyticsScrollView.swift; sourceTree = "<group>"; };
		5E08AD201C1989A7009F9959 /* MediaPlayer.framework */ = {isa = PBXFileReference; lastKnownFileType = wrapper.framework; name = MediaPlayer.framework; path = System/Library/Frameworks/MediaPlayer.framework; sourceTree = SDKROOT; };
		5E08AD231C199A73009F9959 /* Hourglass-Bridging-Header.h */ = {isa = PBXFileReference; lastKnownFileType = sourcecode.c.h; path = "Hourglass-Bridging-Header.h"; sourceTree = "<group>"; };
		5E1B7C0A1C1D1F1E006BA359 /* CategoriesViewController.swift */ = {isa = PBXFileReference; fileEncoding = 4; lastKnownFileType = sourcecode.swift; path = CategoriesViewController.swift; sourceTree = "<group>"; };
		5E1B7C0F1C1D23CB006BA359 /* ProfileViewController.swift */ = {isa = PBXFileReference; fileEncoding = 4; lastKnownFileType = sourcecode.swift; path = ProfileViewController.swift; sourceTree = "<group>"; };
		5E5EE8441C1EC1F5002FB253 /* sprinkles.mov */ = {isa = PBXFileReference; lastKnownFileType = video.quicktime; path = sprinkles.mov; sourceTree = "<group>"; };
		5E5EE8461C1EEC56002FB253 /* wurstkuche.mov */ = {isa = PBXFileReference; lastKnownFileType = video.quicktime; path = wurstkuche.mov; sourceTree = "<group>"; };
		5E5EE84E1C1EF4AA002FB253 /* nickel.mov */ = {isa = PBXFileReference; lastKnownFileType = video.quicktime; path = nickel.mov; sourceTree = "<group>"; };
		5E5EE84F1C1EF4AA002FB253 /* yangi.mov */ = {isa = PBXFileReference; lastKnownFileType = video.quicktime; path = yangi.mov; sourceTree = "<group>"; };
		5ED6134E1B9681DE00D2E8FC /* Hourglass.app */ = {isa = PBXFileReference; explicitFileType = wrapper.application; includeInIndex = 0; path = Hourglass.app; sourceTree = BUILT_PRODUCTS_DIR; };
		5ED613521B9681DE00D2E8FC /* Info.plist */ = {isa = PBXFileReference; lastKnownFileType = text.plist.xml; path = Info.plist; sourceTree = "<group>"; };
		5ED613531B9681DE00D2E8FC /* AppDelegate.swift */ = {isa = PBXFileReference; lastKnownFileType = sourcecode.swift; path = AppDelegate.swift; sourceTree = "<group>"; };
		5ED613551B9681DE00D2E8FC /* ViewController.swift */ = {isa = PBXFileReference; lastKnownFileType = sourcecode.swift; path = ViewController.swift; sourceTree = "<group>"; };
		5ED613581B9681DE00D2E8FC /* Base */ = {isa = PBXFileReference; lastKnownFileType = file.storyboard; name = Base; path = Base.lproj/Main.storyboard; sourceTree = "<group>"; };
		5ED6135A1B9681DE00D2E8FC /* Images.xcassets */ = {isa = PBXFileReference; lastKnownFileType = folder.assetcatalog; path = Images.xcassets; sourceTree = "<group>"; };
		5ED6135D1B9681DE00D2E8FC /* Base */ = {isa = PBXFileReference; lastKnownFileType = file.xib; name = Base; path = Base.lproj/LaunchScreen.xib; sourceTree = "<group>"; };
		5ED613631B9681DE00D2E8FC /* HourglassTests.xctest */ = {isa = PBXFileReference; explicitFileType = wrapper.cfbundle; includeInIndex = 0; path = HourglassTests.xctest; sourceTree = BUILT_PRODUCTS_DIR; };
		5ED613681B9681DE00D2E8FC /* Info.plist */ = {isa = PBXFileReference; lastKnownFileType = text.plist.xml; path = Info.plist; sourceTree = "<group>"; };
		5ED613691B9681DE00D2E8FC /* HourglassTests.swift */ = {isa = PBXFileReference; lastKnownFileType = sourcecode.swift; path = HourglassTests.swift; sourceTree = "<group>"; };
/* End PBXFileReference section */

/* Begin PBXFrameworksBuildPhase section */
		5ED6134B1B9681DE00D2E8FC /* Frameworks */ = {
			isa = PBXFrameworksBuildPhase;
			buildActionMask = 2147483647;
			files = (
				5E08AD211C1989A7009F9959 /* MediaPlayer.framework in Frameworks */,
			);
			runOnlyForDeploymentPostprocessing = 0;
		};
		5ED613601B9681DE00D2E8FC /* Frameworks */ = {
			isa = PBXFrameworksBuildPhase;
			buildActionMask = 2147483647;
			files = (
			);
			runOnlyForDeploymentPostprocessing = 0;
		};
/* End PBXFrameworksBuildPhase section */

/* Begin PBXGroup section */
		242B1CAB1C1D55B0004D3E13 /* Navigation */ = {
			isa = PBXGroup;
			children = (
				5ED613531B9681DE00D2E8FC /* AppDelegate.swift */,
				242B1CAD1C1D5672004D3E13 /* HourglassNavigationController.swift */,
			);
			name = Navigation;
			sourceTree = "<group>";
		};
		242B1CAC1C1D55C0004D3E13 /* Miscellaneous */ = {
			isa = PBXGroup;
			children = (
				5E1B7C0A1C1D1F1E006BA359 /* CategoriesViewController.swift */,
				5E1B7C0F1C1D23CB006BA359 /* ProfileViewController.swift */,
			);
			name = Miscellaneous;
			sourceTree = "<group>";
		};
		2462D1F91C246929007D4408 /* LLSimpleCamera */ = {
			isa = PBXGroup;
			children = (
				2462D1FA1C246948007D4408 /* LLSimpleCamera.h */,
				2462D1FB1C246948007D4408 /* LLSimpleCamera.m */,
				2462D1FC1C246948007D4408 /* UIImage+FixOrientation.h */,
				2462D1FD1C246948007D4408 /* UIImage+FixOrientation.m */,
			);
			name = LLSimpleCamera;
			sourceTree = "<group>";
		};
		2462D2001C2469C2007D4408 /* ContentCreation */ = {
			isa = PBXGroup;
			children = (
				2462D2011C2469D7007D4408 /* CameraController.swift */,
			);
			name = ContentCreation;
			sourceTree = "<group>";
		};
		246749321C1BBE0000B26064 /* VideoControls */ = {
			isa = PBXGroup;
			children = (
				246749331C1BBE1700B26064 /* VideoPlayerController.swift */,
				246749371C1CE17A00B26064 /* VideoPlayerScrollView.swift */,
				246749391C1CE67600B26064 /* VideoPlayerView.swift */,
			);
			name = VideoControls;
			sourceTree = "<group>";
		};
		2467493B1C1CFD1300B26064 /* Restaurants */ = {
			isa = PBXGroup;
			children = (
				242B1CA91C1D2E68004D3E13 /* RestaurantInformationView.swift */,
				242B1CA71C1D23BF004D3E13 /* RestaurantPromoView.swift */,
			);
			name = Restaurants;
			sourceTree = "<group>";
		};
		248265051C1A432400CAC95B /* Analytics */ = {
			isa = PBXGroup;
			children = (
				246749301C1B9C1F00B26064 /* AnalyticsAppDelegate.swift */,
				248265061C1A434200CAC95B /* AnalyticsController.swift */,
				24C610541C1B3CA10019F4DF /* AnalyticsScrollView.swift */,
				2467492E1C1B953400B26064 /* AnalyticsUIButton.swift */,
				24C610521C1AA3350019F4DF /* AnalyticsViewController.swift */,
			);
			name = Analytics;
			sourceTree = "<group>";
		};
		5ED613451B9681DE00D2E8FC = {
			isa = PBXGroup;
			children = (
				5E08AD201C1989A7009F9959 /* MediaPlayer.framework */,
				5ED613501B9681DE00D2E8FC /* Hourglass */,
				5ED613661B9681DE00D2E8FC /* HourglassTests */,
				5ED6134F1B9681DE00D2E8FC /* Products */,
			);
			sourceTree = "<group>";
		};
		5ED6134F1B9681DE00D2E8FC /* Products */ = {
			isa = PBXGroup;
			children = (
				5ED6134E1B9681DE00D2E8FC /* Hourglass.app */,
				5ED613631B9681DE00D2E8FC /* HourglassTests.xctest */,
			);
			name = Products;
			sourceTree = "<group>";
		};
		5ED613501B9681DE00D2E8FC /* Hourglass */ = {
			isa = PBXGroup;
			children = (
				2462D2001C2469C2007D4408 /* ContentCreation */,
				2462D1F91C246929007D4408 /* LLSimpleCamera */,
				248265051C1A432400CAC95B /* Analytics */,
				242B1CAB1C1D55B0004D3E13 /* Navigation */,
				2467493B1C1CFD1300B26064 /* Restaurants */,
				5ED613511B9681DE00D2E8FC /* Supporting Files */,
				246749321C1BBE0000B26064 /* VideoControls */,
				242B1CAC1C1D55C0004D3E13 /* Miscellaneous */,
				5E5EE8461C1EEC56002FB253 /* wurstkuche.mov */,
				5E5EE84E1C1EF4AA002FB253 /* nickel.mov */,
				5E5EE84F1C1EF4AA002FB253 /* yangi.mov */,
				5E5EE8441C1EC1F5002FB253 /* sprinkles.mov */,
				5ED613551B9681DE00D2E8FC /* ViewController.swift */,
				5E08AD231C199A73009F9959 /* Hourglass-Bridging-Header.h */,
				5ED6135A1B9681DE00D2E8FC /* Images.xcassets */,
				5ED6135C1B9681DE00D2E8FC /* LaunchScreen.xib */,
				5ED613571B9681DE00D2E8FC /* Main.storyboard */,
				242B1CAF1C1E40E7004D3E13 /* takami.mp4 */,
				242B1CB11C1FEB00004D3E13 /* LoveAndSalt.mp4 */,
				242B1CB31C1FEC35004D3E13 /* IlCielo.mp4 */,
			);
			path = Hourglass;
			sourceTree = "<group>";
		};
		5ED613511B9681DE00D2E8FC /* Supporting Files */ = {
			isa = PBXGroup;
			children = (
				5ED613521B9681DE00D2E8FC /* Info.plist */,
			);
			name = "Supporting Files";
			sourceTree = "<group>";
		};
		5ED613661B9681DE00D2E8FC /* HourglassTests */ = {
			isa = PBXGroup;
			children = (
				5ED613691B9681DE00D2E8FC /* HourglassTests.swift */,
				5ED613671B9681DE00D2E8FC /* Supporting Files */,
			);
			path = HourglassTests;
			sourceTree = "<group>";
		};
		5ED613671B9681DE00D2E8FC /* Supporting Files */ = {
			isa = PBXGroup;
			children = (
				5ED613681B9681DE00D2E8FC /* Info.plist */,
			);
			name = "Supporting Files";
			sourceTree = "<group>";
		};
/* End PBXGroup section */

/* Begin PBXNativeTarget section */
		5ED6134D1B9681DE00D2E8FC /* Hourglass */ = {
			isa = PBXNativeTarget;
			buildConfigurationList = 5ED6136D1B9681DE00D2E8FC /* Build configuration list for PBXNativeTarget "Hourglass" */;
			buildPhases = (
				5ED6134A1B9681DE00D2E8FC /* Sources */,
				5ED6134B1B9681DE00D2E8FC /* Frameworks */,
				5ED6134C1B9681DE00D2E8FC /* Resources */,
			);
			buildRules = (
			);
			dependencies = (
			);
			name = Hourglass;
			productName = Hourglass;
			productReference = 5ED6134E1B9681DE00D2E8FC /* Hourglass.app */;
			productType = "com.apple.product-type.application";
		};
		5ED613621B9681DE00D2E8FC /* HourglassTests */ = {
			isa = PBXNativeTarget;
			buildConfigurationList = 5ED613701B9681DE00D2E8FC /* Build configuration list for PBXNativeTarget "HourglassTests" */;
			buildPhases = (
				5ED6135F1B9681DE00D2E8FC /* Sources */,
				5ED613601B9681DE00D2E8FC /* Frameworks */,
				5ED613611B9681DE00D2E8FC /* Resources */,
			);
			buildRules = (
			);
			dependencies = (
				5ED613651B9681DE00D2E8FC /* PBXTargetDependency */,
			);
			name = HourglassTests;
			productName = HourglassTests;
			productReference = 5ED613631B9681DE00D2E8FC /* HourglassTests.xctest */;
			productType = "com.apple.product-type.bundle.unit-test";
		};
/* End PBXNativeTarget section */

/* Begin PBXProject section */
		5ED613461B9681DE00D2E8FC /* Project object */ = {
			isa = PBXProject;
			attributes = {
				LastSwiftUpdateCheck = 0710;
				LastUpgradeCheck = 0640;
				ORGANIZATIONNAME = "Seyun Kim";
				TargetAttributes = {
					5ED6134D1B9681DE00D2E8FC = {
						CreatedOnToolsVersion = 6.4;
						DevelopmentTeam = 7NUPNZKJRB;
					};
					5ED613621B9681DE00D2E8FC = {
						CreatedOnToolsVersion = 6.4;
						TestTargetID = 5ED6134D1B9681DE00D2E8FC;
					};
				};
			};
			buildConfigurationList = 5ED613491B9681DE00D2E8FC /* Build configuration list for PBXProject "Hourglass" */;
			compatibilityVersion = "Xcode 3.2";
			developmentRegion = English;
			hasScannedForEncodings = 0;
			knownRegions = (
				en,
				Base,
			);
			mainGroup = 5ED613451B9681DE00D2E8FC;
			productRefGroup = 5ED6134F1B9681DE00D2E8FC /* Products */;
			projectDirPath = "";
			projectRoot = "";
			targets = (
				5ED6134D1B9681DE00D2E8FC /* Hourglass */,
				5ED613621B9681DE00D2E8FC /* HourglassTests */,
			);
		};
/* End PBXProject section */

/* Begin PBXResourcesBuildPhase section */
		5ED6134C1B9681DE00D2E8FC /* Resources */ = {
			isa = PBXResourcesBuildPhase;
			buildActionMask = 2147483647;
			files = (
				5ED613591B9681DE00D2E8FC /* Main.storyboard in Resources */,
				242B1CB21C1FEB35004D3E13 /* LoveAndSalt.mp4 in Resources */,
				5E5EE8501C1EF4AA002FB253 /* nickel.mov in Resources */,
				242B1CB01C1E41BD004D3E13 /* takami.mp4 in Resources */,
				5E5EE8471C1EEC56002FB253 /* wurstkuche.mov in Resources */,
				5E5EE8511C1EF4AA002FB253 /* yangi.mov in Resources */,
				5ED6135E1B9681DE00D2E8FC /* LaunchScreen.xib in Resources */,
				5E5EE8451C1EC1F5002FB253 /* sprinkles.mov in Resources */,
				5ED6135B1B9681DE00D2E8FC /* Images.xcassets in Resources */,
				242B1CB41C1FEC35004D3E13 /* IlCielo.mp4 in Resources */,
			);
			runOnlyForDeploymentPostprocessing = 0;
		};
		5ED613611B9681DE00D2E8FC /* Resources */ = {
			isa = PBXResourcesBuildPhase;
			buildActionMask = 2147483647;
			files = (
			);
			runOnlyForDeploymentPostprocessing = 0;
		};
/* End PBXResourcesBuildPhase section */

/* Begin PBXSourcesBuildPhase section */
		5ED6134A1B9681DE00D2E8FC /* Sources */ = {
			isa = PBXSourcesBuildPhase;
			buildActionMask = 2147483647;
			files = (
				2462D2021C2469D7007D4408 /* CameraController.swift in Sources */,
				242B1CAA1C1D2E68004D3E13 /* RestaurantInformationView.swift in Sources */,
				248265071C1A434200CAC95B /* AnalyticsController.swift in Sources */,
				242B1CA81C1D23BF004D3E13 /* RestaurantPromoView.swift in Sources */,
				246749381C1CE17A00B26064 /* VideoPlayerScrollView.swift in Sources */,
				246749311C1B9C1F00B26064 /* AnalyticsAppDelegate.swift in Sources */,
				2467492F1C1B953400B26064 /* AnalyticsUIButton.swift in Sources */,
				2462D1FE1C246948007D4408 /* LLSimpleCamera.m in Sources */,
				246749341C1BBE1700B26064 /* VideoPlayerController.swift in Sources */,
				5ED613561B9681DE00D2E8FC /* ViewController.swift in Sources */,
				24C610551C1B3CA10019F4DF /* AnalyticsScrollView.swift in Sources */,
				5E1B7C0B1C1D1F1E006BA359 /* CategoriesViewController.swift in Sources */,
				2462D1FF1C246948007D4408 /* UIImage+FixOrientation.m in Sources */,
				242B1CAE1C1D5672004D3E13 /* HourglassNavigationController.swift in Sources */,
				24C610531C1AA3350019F4DF /* AnalyticsViewController.swift in Sources */,
				5E1B7C101C1D23CB006BA359 /* ProfileViewController.swift in Sources */,
				5ED613541B9681DE00D2E8FC /* AppDelegate.swift in Sources */,
				2467493A1C1CE67600B26064 /* VideoPlayerView.swift in Sources */,
			);
			runOnlyForDeploymentPostprocessing = 0;
		};
		5ED6135F1B9681DE00D2E8FC /* Sources */ = {
			isa = PBXSourcesBuildPhase;
			buildActionMask = 2147483647;
			files = (
				5ED6136A1B9681DE00D2E8FC /* HourglassTests.swift in Sources */,
			);
			runOnlyForDeploymentPostprocessing = 0;
		};
/* End PBXSourcesBuildPhase section */

/* Begin PBXTargetDependency section */
		5ED613651B9681DE00D2E8FC /* PBXTargetDependency */ = {
			isa = PBXTargetDependency;
			target = 5ED6134D1B9681DE00D2E8FC /* Hourglass */;
			targetProxy = 5ED613641B9681DE00D2E8FC /* PBXContainerItemProxy */;
		};
/* End PBXTargetDependency section */

/* Begin PBXVariantGroup section */
		5ED613571B9681DE00D2E8FC /* Main.storyboard */ = {
			isa = PBXVariantGroup;
			children = (
				5ED613581B9681DE00D2E8FC /* Base */,
			);
			name = Main.storyboard;
			sourceTree = "<group>";
		};
		5ED6135C1B9681DE00D2E8FC /* LaunchScreen.xib */ = {
			isa = PBXVariantGroup;
			children = (
				5ED6135D1B9681DE00D2E8FC /* Base */,
			);
			name = LaunchScreen.xib;
			sourceTree = "<group>";
		};
/* End PBXVariantGroup section */

/* Begin XCBuildConfiguration section */
		5ED6136B1B9681DE00D2E8FC /* Debug */ = {
			isa = XCBuildConfiguration;
			buildSettings = {
				ALWAYS_SEARCH_USER_PATHS = NO;
				CLANG_CXX_LANGUAGE_STANDARD = "gnu++0x";
				CLANG_CXX_LIBRARY = "libc++";
				CLANG_ENABLE_MODULES = YES;
				CLANG_ENABLE_OBJC_ARC = YES;
				CLANG_WARN_BOOL_CONVERSION = YES;
				CLANG_WARN_CONSTANT_CONVERSION = YES;
				CLANG_WARN_DIRECT_OBJC_ISA_USAGE = YES_ERROR;
				CLANG_WARN_EMPTY_BODY = YES;
				CLANG_WARN_ENUM_CONVERSION = YES;
				CLANG_WARN_INT_CONVERSION = YES;
				CLANG_WARN_OBJC_ROOT_CLASS = YES_ERROR;
				CLANG_WARN_UNREACHABLE_CODE = YES;
				CLANG_WARN__DUPLICATE_METHOD_MATCH = YES;
				"CODE_SIGN_IDENTITY[sdk=iphoneos*]" = "iPhone Developer";
				COPY_PHASE_STRIP = NO;
				DEBUG_INFORMATION_FORMAT = "dwarf-with-dsym";
				ENABLE_STRICT_OBJC_MSGSEND = YES;
				GCC_C_LANGUAGE_STANDARD = gnu99;
				GCC_DYNAMIC_NO_PIC = NO;
				GCC_NO_COMMON_BLOCKS = YES;
				GCC_OPTIMIZATION_LEVEL = 0;
				GCC_PREPROCESSOR_DEFINITIONS = (
					"DEBUG=1",
					"$(inherited)",
				);
				GCC_SYMBOLS_PRIVATE_EXTERN = NO;
				GCC_WARN_64_TO_32_BIT_CONVERSION = YES;
				GCC_WARN_ABOUT_RETURN_TYPE = YES_ERROR;
				GCC_WARN_UNDECLARED_SELECTOR = YES;
				GCC_WARN_UNINITIALIZED_AUTOS = YES_AGGRESSIVE;
				GCC_WARN_UNUSED_FUNCTION = YES;
				GCC_WARN_UNUSED_VARIABLE = YES;
				IPHONEOS_DEPLOYMENT_TARGET = 8.4;
				MTL_ENABLE_DEBUG_INFO = YES;
				ONLY_ACTIVE_ARCH = YES;
				SDKROOT = iphoneos;
				SWIFT_OPTIMIZATION_LEVEL = "-Onone";
				TARGETED_DEVICE_FAMILY = "1,2";
			};
			name = Debug;
		};
		5ED6136C1B9681DE00D2E8FC /* Release */ = {
			isa = XCBuildConfiguration;
			buildSettings = {
				ALWAYS_SEARCH_USER_PATHS = NO;
				CLANG_CXX_LANGUAGE_STANDARD = "gnu++0x";
				CLANG_CXX_LIBRARY = "libc++";
				CLANG_ENABLE_MODULES = YES;
				CLANG_ENABLE_OBJC_ARC = YES;
				CLANG_WARN_BOOL_CONVERSION = YES;
				CLANG_WARN_CONSTANT_CONVERSION = YES;
				CLANG_WARN_DIRECT_OBJC_ISA_USAGE = YES_ERROR;
				CLANG_WARN_EMPTY_BODY = YES;
				CLANG_WARN_ENUM_CONVERSION = YES;
				CLANG_WARN_INT_CONVERSION = YES;
				CLANG_WARN_OBJC_ROOT_CLASS = YES_ERROR;
				CLANG_WARN_UNREACHABLE_CODE = YES;
				CLANG_WARN__DUPLICATE_METHOD_MATCH = YES;
				"CODE_SIGN_IDENTITY[sdk=iphoneos*]" = "iPhone Developer";
				COPY_PHASE_STRIP = NO;
				DEBUG_INFORMATION_FORMAT = "dwarf-with-dsym";
				ENABLE_NS_ASSERTIONS = NO;
				ENABLE_STRICT_OBJC_MSGSEND = YES;
				GCC_C_LANGUAGE_STANDARD = gnu99;
				GCC_NO_COMMON_BLOCKS = YES;
				GCC_WARN_64_TO_32_BIT_CONVERSION = YES;
				GCC_WARN_ABOUT_RETURN_TYPE = YES_ERROR;
				GCC_WARN_UNDECLARED_SELECTOR = YES;
				GCC_WARN_UNINITIALIZED_AUTOS = YES_AGGRESSIVE;
				GCC_WARN_UNUSED_FUNCTION = YES;
				GCC_WARN_UNUSED_VARIABLE = YES;
				IPHONEOS_DEPLOYMENT_TARGET = 8.4;
				MTL_ENABLE_DEBUG_INFO = NO;
				SDKROOT = iphoneos;
				TARGETED_DEVICE_FAMILY = "1,2";
				VALIDATE_PRODUCT = YES;
			};
			name = Release;
		};
		5ED6136E1B9681DE00D2E8FC /* Debug */ = {
			isa = XCBuildConfiguration;
			buildSettings = {
				ASSETCATALOG_COMPILER_APPICON_NAME = AppIcon;
				CLANG_ENABLE_MODULES = YES;
				CODE_SIGN_IDENTITY = "iPhone Developer";
				"CODE_SIGN_IDENTITY[sdk=iphoneos*]" = "iPhone Developer";
				INFOPLIST_FILE = Hourglass/Info.plist;
				LD_RUNPATH_SEARCH_PATHS = "$(inherited) @executable_path/Frameworks";
				PRODUCT_NAME = "$(TARGET_NAME)";
				PROVISIONING_PROFILE = "";
				SWIFT_OBJC_BRIDGING_HEADER = "Hourglass/Hourglass-Bridging-Header.h";
				SWIFT_OPTIMIZATION_LEVEL = "-Onone";
			};
			name = Debug;
		};
		5ED6136F1B9681DE00D2E8FC /* Release */ = {
			isa = XCBuildConfiguration;
			buildSettings = {
				ASSETCATALOG_COMPILER_APPICON_NAME = AppIcon;
				CLANG_ENABLE_MODULES = YES;
				CODE_SIGN_IDENTITY = "iPhone Developer";
				"CODE_SIGN_IDENTITY[sdk=iphoneos*]" = "iPhone Developer";
				INFOPLIST_FILE = Hourglass/Info.plist;
				LD_RUNPATH_SEARCH_PATHS = "$(inherited) @executable_path/Frameworks";
				PRODUCT_NAME = "$(TARGET_NAME)";
				PROVISIONING_PROFILE = "";
				SWIFT_OBJC_BRIDGING_HEADER = "Hourglass/Hourglass-Bridging-Header.h";
			};
			name = Release;
		};
		5ED613711B9681DE00D2E8FC /* Debug */ = {
			isa = XCBuildConfiguration;
			buildSettings = {
				BUNDLE_LOADER = "$(TEST_HOST)";
				FRAMEWORK_SEARCH_PATHS = (
					"$(SDKROOT)/Developer/Library/Frameworks",
					"$(inherited)",
				);
				GCC_PREPROCESSOR_DEFINITIONS = (
					"DEBUG=1",
					"$(inherited)",
				);
				INFOPLIST_FILE = HourglassTests/Info.plist;
				LD_RUNPATH_SEARCH_PATHS = "$(inherited) @executable_path/Frameworks @loader_path/Frameworks";
				PRODUCT_NAME = "$(TARGET_NAME)";
				TEST_HOST = "$(BUILT_PRODUCTS_DIR)/Hourglass.app/Hourglass";
			};
			name = Debug;
		};
		5ED613721B9681DE00D2E8FC /* Release */ = {
			isa = XCBuildConfiguration;
			buildSettings = {
				BUNDLE_LOADER = "$(TEST_HOST)";
				FRAMEWORK_SEARCH_PATHS = (
					"$(SDKROOT)/Developer/Library/Frameworks",
					"$(inherited)",
				);
				INFOPLIST_FILE = HourglassTests/Info.plist;
				LD_RUNPATH_SEARCH_PATHS = "$(inherited) @executable_path/Frameworks @loader_path/Frameworks";
				PRODUCT_NAME = "$(TARGET_NAME)";
				TEST_HOST = "$(BUILT_PRODUCTS_DIR)/Hourglass.app/Hourglass";
			};
			name = Release;
		};
/* End XCBuildConfiguration section */

/* Begin XCConfigurationList section */
		5ED613491B9681DE00D2E8FC /* Build configuration list for PBXProject "Hourglass" */ = {
			isa = XCConfigurationList;
			buildConfigurations = (
				5ED6136B1B9681DE00D2E8FC /* Debug */,
				5ED6136C1B9681DE00D2E8FC /* Release */,
			);
			defaultConfigurationIsVisible = 0;
			defaultConfigurationName = Release;
		};
		5ED6136D1B9681DE00D2E8FC /* Build configuration list for PBXNativeTarget "Hourglass" */ = {
			isa = XCConfigurationList;
			buildConfigurations = (
				5ED6136E1B9681DE00D2E8FC /* Debug */,
				5ED6136F1B9681DE00D2E8FC /* Release */,
			);
			defaultConfigurationIsVisible = 0;
			defaultConfigurationName = Release;
		};
		5ED613701B9681DE00D2E8FC /* Build configuration list for PBXNativeTarget "HourglassTests" */ = {
			isa = XCConfigurationList;
			buildConfigurations = (
				5ED613711B9681DE00D2E8FC /* Debug */,
				5ED613721B9681DE00D2E8FC /* Release */,
			);
			defaultConfigurationIsVisible = 0;
			defaultConfigurationName = Release;
		};
/* End XCConfigurationList section */
	};
	rootObject = 5ED613461B9681DE00D2E8FC /* Project object */;
}
